
Microsoft Visual Studio Solution File, Format Version 12.00
# Visual Studio Version 17
VisualStudioVersion = 17.13.35931.197 d17.13
MinimumVisualStudioVersion = 10.0.40219.1
Project("{FAE04EC0-301F-11D3-BF4B-00C04F79EFBC}") = "projekt", "projekt\projekt.csproj", "{D45A7141-F38D-4251-9AEA-0C89F06C4AFC}"
EndProject
Global
	GlobalSection(SolutionConfigurationPlatforms) = preSolution
		Debug|Any CPU = Debug|Any CPU
		Release|Any CPU = Release|Any CPU
	EndGlobalSection
	GlobalSection(ProjectConfigurationPlatforms) = postSolution
		{D45A7141-F38D-4251-9AEA-0C89F06C4AFC}.Debug|Any CPU.ActiveCfg = Debug|Any CPU
		{D45A7141-F38D-4251-9AEA-0C89F06C4AFC}.Debug|Any CPU.Build.0 = Debug|Any CPU
		{D45A7141-F38D-4251-9AEA-0C89F06C4AFC}.Release|Any CPU.ActiveCfg = Release|Any CPU
		{D45A7141-F38D-4251-9AEA-0C89F06C4AFC}.Release|Any CPU.Build.0 = Release|Any CPU
	EndGlobalSection
	GlobalSection(SolutionProperties) = preSolution
		HideSolutionNode = FALSE
	EndGlobalSection
	GlobalSection(ExtensibilityGlobals) = postSolution
		SolutionGuid = {B530325B-3190-4F8C-A418-0F091D69F1A1}
	EndGlobalSection
EndGlobal
